
Microsoft Visual Studio Solution File, Format Version 12.00
# Visual Studio Version 17
VisualStudioVersion = 17.4.33110.190
MinimumVisualStudioVersion = 10.0.40219.1
Project("{FAE04EC0-301F-11D3-BF4B-00C04F79EFBC}") = "University Management System", "University Management System\University Management System.csproj", "{DEE6A729-F10F-42B4-9435-9B30F0CC0535}"
EndProject
Global
	GlobalSection(SolutionConfigurationPlatforms) = preSolution
		Debug|Any CPU = Debug|Any CPU
		Release|Any CPU = Release|Any CPU
	EndGlobalSection
	GlobalSection(ProjectConfigurationPlatforms) = postSolution
		{DEE6A729-F10F-42B4-9435-9B30F0CC0535}.Debug|Any CPU.ActiveCfg = Debug|Any CPU
		{DEE6A729-F10F-42B4-9435-9B30F0CC0535}.Debug|Any CPU.Build.0 = Debug|Any CPU
		{DEE6A729-F10F-42B4-9435-9B30F0CC0535}.Release|Any CPU.ActiveCfg = Release|Any CPU
		{DEE6A729-F10F-42B4-9435-9B30F0CC0535}.Release|Any CPU.Build.0 = Release|Any CPU
	EndGlobalSection
	GlobalSection(SolutionProperties) = preSolution
		HideSolutionNode = FALSE
	EndGlobalSection
	GlobalSection(ExtensibilityGlobals) = postSolution
		SolutionGuid = {E79A679E-A250-4FDC-8C75-FFBF17181575}
	EndGlobalSection
EndGlobal
